PODS:
  - MobileWorkflow (2.1.1):
    - MobileWorkflow/Core (= 2.1.1)
  - MobileWorkflow/Core (2.1.1)
  - Stripe (22.8.1):
    - Stripe/Stripe3DS2 (= 22.8.1)
    - StripeApplePay (= 22.8.1)
    - StripeCore (= 22.8.1)
    - StripeUICore (= 22.8.1)
  - Stripe/Stripe3DS2 (22.8.1):
    - StripeApplePay (= 22.8.1)
    - StripeCore (= 22.8.1)
    - StripeUICore (= 22.8.1)
  - StripeApplePay (22.8.1):
    - StripeCore (= 22.8.1)
  - StripeCore (22.8.1)
  - StripeUICore (22.8.1):
    - StripeCore (= 22.8.1)

DEPENDENCIES:
  - MobileWorkflow
  - Stripe

SPEC REPOS:
  https://github.com/FutureWorkshops/MWPodspecs.git:
    - MobileWorkflow
  trunk:
    - Stripe
    - StripeApplePay
    - StripeCore
    - StripeUICore

SPEC CHECKSUMS:
  MobileWorkflow: 6d847cb8e553969e3147d96abb2c308fc9c7d717
  Stripe: b4cf3aa317a8e984b930d3545bac10b490dd3106
  StripeApplePay: 858c1dadc39b658d317661dea8cc2b7158533a17
  StripeCore: 52e0aba2fad604455692db593bf5edc04758b760
  StripeUICore: b3d64c5cbcb4cacfa88f9a0950cdf1b4df72792e

PODFILE CHECKSUM: 8da2502182e0b757dc692237446d81c4c55a2271

COCOAPODS: 1.11.3
